PODS:
  - IGListKit (2.1.0):
    - IGListKit/Default (= 2.1.0)
  - IGListKit/Default (2.1.0):
    - IGListKit/Diffing
  - IGListKit/Diffing (2.1.0)
  - Yoga (1.7.0)
  - YogaKit (1.7.0):
    - Yoga (~> 1.7)

DEPENDENCIES:
  - IGListKit (~> 2.1.0)
  - Yoga (from `../../Yoga.podspec`)
  - YogaKit (from `../../YogaKit.podspec`)

EXTERNAL SOURCES:
  Yoga:
    :path: ../../Yoga.podspec
  YogaKit:
    :path: ../../YogaKit.podspec

SPEC CHECKSUMS:
  IGListKit: b826c68ef7a4ae1626c09d4d3e1ea7a169e6c36e
  Yoga: 113540da967e7c0dc7d103b78e5205bd10d118d2
  YogaKit: c530e5bd0b1c43a9d5b45d3cf5a66cf49c203ff6

PODFILE CHECKSUM: 52085cc351e3833a5c161c8a74c3b9ee76fc5d9e

COCOAPODS: 1.4.0
